{
  "meteor": {},
  "dependencies": {
    "basePackages": {
      "zurb-foundation": {},
      "twit": {},
      "nlp": {}
    },
    "packages": {
      "zurb-foundation": {
        "git": "https://github.com/MixinLabs/meteor-foundation.git",
        "tag": "v0.1.10",
        "commit": "545234bc38f7a747a5d69b48f75c5cc77ca8382f"
      },
      "twit": {
        "git": "https://github.com/subhog/meteor-twit.git",
        "tag": "v0.2.0",
        "commit": "3eb473f9efef8c77ae6a8eb6715fbdf93c4d87c0"
      },
      "nlp": {
        "git": "https://github.com/andreioprisan/meteor-nlp.git",
        "tag": "v0.1.21",
        "commit": "99367588b96a4458a17b62b950c28d758af57db3"
      }
    }
  }
}
